
Microsoft Visual Studio Solution File, Format Version 12.00
# Visual Studio 15
VisualStudioVersion = 15.0.28010.2003
MinimumVisualStudioVersion = 10.0.40219.1
Project("{FAE04EC0-301F-11D3-BF4B-00C04F79EFBC}") = "EasyETL", "EasyETL\EasyETL.csproj", "{2647E6CE-2D5F-4524-9AB0-372CFB456841}"
EndProject
Project("{FAE04EC0-301F-11D3-BF4B-00C04F79EFBC}") = "EasyETL.Office", "EasyETL.Office\EasyETL.Office.csproj", "{EA54969B-76BA-4423-972E-9A1C037324A5}"
EndProject
Project("{FAE04EC0-301F-11D3-BF4B-00C04F79EFBC}") = "EasyETL.PDF", "EasyETL.PDF\EasyETL.PDF.csproj", "{54C36131-B44A-4435-802F-7A0E6A3C34EC}"
EndProject
Project("{FAE04EC0-301F-11D3-BF4B-00C04F79EFBC}") = "EasyETL.Xml", "EasyETL.Xml\EasyETL.Xml.csproj", "{5CF95A36-7BC7-4617-827D-4F9056161F14}"
EndProject
Project("{FAE04EC0-301F-11D3-BF4B-00C04F79EFBC}") = "EasyETLDemo", "EasyETLDemo\EasyETLDemo.csproj", "{155433A3-85EC-4065-9B13-FB18374A1E34}"
EndProject
Project("{FAE04EC0-301F-11D3-BF4B-00C04F79EFBC}") = "EasyETL.Endpoint", "EasyETL.Endpoint\EasyETL.Endpoint.csproj", "{51925788-A8E5-4D41-A192-D206CDEFEE35}"
EndProject
Project("{FAE04EC0-301F-11D3-BF4B-00C04F79EFBC}") = "EasyETL.Actions.DemoActions", "EasyETL.Actions.DemoActions\EasyETL.Actions.DemoActions.csproj", "{4DA52AAD-3E76-430F-B08A-B32BA7EE7CDE}"
EndProject
Project("{FAE04EC0-301F-11D3-BF4B-00C04F79EFBC}") = "EasyETL.Actions", "EasyETL.Actions\EasyETL.Actions.csproj", "{0DA7A5A0-E2EE-4AF9-9089-478A12369F88}"
EndProject
Project("{FAE04EC0-301F-11D3-BF4B-00C04F79EFBC}") = "EasyETL.Dynamic", "EasyETL.Dynamic\EasyETL.Dynamic.csproj", "{A9568049-8A98-4FBA-A7A8-4742D56FFE0F}"
EndProject
Project("{FAE04EC0-301F-11D3-BF4B-00C04F79EFBC}") = "EasyETL.Endpoint.Sharepoint", "EasyETL.Endpoint.Sharepoint\EasyETL.Endpoint.Sharepoint.csproj", "{75F3A27E-6279-47DC-A03B-E512F71E071C}"
EndProject
Project("{FAE04EC0-301F-11D3-BF4B-00C04F79EFBC}") = "EasyETL.Endpoint.AWS", "EasyETL.Endpoint.AWS\EasyETL.Endpoint.AWS.csproj", "{BF7C6A12-B16D-4A9A-ABF8-E519A31BD34C}"
EndProject
Project("{FAE04EC0-301F-11D3-BF4B-00C04F79EFBC}") = "EasyETL.Endpoint.GoogleDrive", "EasyETL.Endpoint.GoogleDrive\EasyETL.Endpoint.GoogleDrive.csproj", "{66DDD60D-C805-4F41-8E1D-A2E1E89014F3}"
EndProject
Project("{FAE04EC0-301F-11D3-BF4B-00C04F79EFBC}") = "EasyETL.Endpoint.OneDrive", "EasyETL.Endpoint.OneDrive\EasyETL.Endpoint.OneDrive.csproj", "{8F022A03-E313-4C1D-B7D8-93085C010223}"
EndProject
Project("{FAE04EC0-301F-11D3-BF4B-00C04F79EFBC}") = "EasyETL.Attributes", "EasyETL.Attributes\EasyETL.Attributes.csproj", "{B0708C3A-1339-4852-B529-7747352133B8}"
EndProject
Project("{FAE04EC0-301F-11D3-BF4B-00C04F79EFBC}") = "EasyETL.Endpoint.Quickbooks", "EasyETL.Endpoint.Quickbooks\EasyETL.Endpoint.Quickbooks.csproj", "{C23984B1-AD11-4571-9ED6-CAC2CBBAD4EF}"
EndProject
Project("{FAE04EC0-301F-11D3-BF4B-00C04F79EFBC}") = "EasyETL.Xml.Configuration", "EasyETL.Xml.Configuration\EasyETL.Xml.Configuration.csproj", "{54BABC0B-08B0-45E8-9DE6-2FBC14B4DC3C}"
EndProject
Project("{FAE04EC0-301F-11D3-BF4B-00C04F79EFBC}") = "EasyETL.Actions.Outlook", "EasyETL.Actions.Outlook\EasyETL.Actions.Outlook.csproj", "{A831C08C-837C-4D49-A0E4-6FCB1B5B7EBC}"
EndProject
Project("{FAE04EC0-301F-11D3-BF4B-00C04F79EFBC}") = "EasyETL.EMail", "EasyETL.EMail\EasyETL.EMail.csproj", "{68F826E5-1FD2-46CD-B446-CEB0F1415797}"
EndProject
Project("{FAE04EC0-301F-11D3-BF4B-00C04F79EFBC}") = "EasyETL.EDI", "EasyETL.EDI\EasyETL.EDI.csproj", "{EF3A7F64-2EA3-4FF8-8E0F-7CED34769BA2}"
EndProject
Project("{FAE04EC0-301F-11D3-BF4B-00C04F79EFBC}") = "EasyETL.OCR.Tesseract", "EasyETL.OCR.tesseract\EasyETL.OCR.Tesseract.csproj", "{EF5F6566-8516-4D6C-B842-724E7DAE1008}"
EndProject
Global
	GlobalSection(SolutionConfigurationPlatforms) = preSolution
		Debug|Any CPU = Debug|Any CPU
		Debug|Mixed Platforms = Debug|Mixed Platforms
		Debug|x86 = Debug|x86
		Release|Any CPU = Release|Any CPU
		Release|Mixed Platforms = Release|Mixed Platforms
		Release|x86 = Release|x86
	EndGlobalSection
	GlobalSection(ProjectConfigurationPlatforms) = postSolution
		{2647E6CE-2D5F-4524-9AB0-372CFB456841}.Debug|Any CPU.ActiveCfg = Debug|Any CPU
		{2647E6CE-2D5F-4524-9AB0-372CFB456841}.Debug|Any CPU.Build.0 = Debug|Any CPU
		{2647E6CE-2D5F-4524-9AB0-372CFB456841}.Debug|Mixed Platforms.ActiveCfg = Debug|x86
		{2647E6CE-2D5F-4524-9AB0-372CFB456841}.Debug|Mixed Platforms.Build.0 = Debug|x86
		{2647E6CE-2D5F-4524-9AB0-372CFB456841}.Debug|x86.ActiveCfg = Debug|x86
		{2647E6CE-2D5F-4524-9AB0-372CFB456841}.Debug|x86.Build.0 = Debug|x86
		{2647E6CE-2D5F-4524-9AB0-372CFB456841}.Release|Any CPU.ActiveCfg = Release|Any CPU
		{2647E6CE-2D5F-4524-9AB0-372CFB456841}.Release|Any CPU.Build.0 = Release|Any CPU
		{2647E6CE-2D5F-4524-9AB0-372CFB456841}.Release|Mixed Platforms.ActiveCfg = Release|x86
		{2647E6CE-2D5F-4524-9AB0-372CFB456841}.Release|Mixed Platforms.Build.0 = Release|x86
		{2647E6CE-2D5F-4524-9AB0-372CFB456841}.Release|x86.ActiveCfg = Release|x86
		{2647E6CE-2D5F-4524-9AB0-372CFB456841}.Release|x86.Build.0 = Release|x86
		{EA54969B-76BA-4423-972E-9A1C037324A5}.Debug|Any CPU.ActiveCfg = Debug|Any CPU
		{EA54969B-76BA-4423-972E-9A1C037324A5}.Debug|Any CPU.Build.0 = Debug|Any CPU
		{EA54969B-76BA-4423-972E-9A1C037324A5}.Debug|Mixed Platforms.ActiveCfg = Debug|Any CPU
		{EA54969B-76BA-4423-972E-9A1C037324A5}.Debug|Mixed Platforms.Build.0 = Debug|Any CPU
		{EA54969B-76BA-4423-972E-9A1C037324A5}.Debug|x86.ActiveCfg = Debug|Any CPU
		{EA54969B-76BA-4423-972E-9A1C037324A5}.Release|Any CPU.ActiveCfg = Release|Any CPU
		{EA54969B-76BA-4423-972E-9A1C037324A5}.Release|Any CPU.Build.0 = Release|Any CPU
		{EA54969B-76BA-4423-972E-9A1C037324A5}.Release|Mixed Platforms.ActiveCfg = Release|Any CPU
		{EA54969B-76BA-4423-972E-9A1C037324A5}.Release|Mixed Platforms.Build.0 = Release|Any CPU
		{EA54969B-76BA-4423-972E-9A1C037324A5}.Release|x86.ActiveCfg = Release|Any CPU
		{54C36131-B44A-4435-802F-7A0E6A3C34EC}.Debug|Any CPU.ActiveCfg = Debug|Any CPU
		{54C36131-B44A-4435-802F-7A0E6A3C34EC}.Debug|Any CPU.Build.0 = Debug|Any CPU
		{54C36131-B44A-4435-802F-7A0E6A3C34EC}.Debug|Mixed Platforms.ActiveCfg = Debug|Any CPU
		{54C36131-B44A-4435-802F-7A0E6A3C34EC}.Debug|Mixed Platforms.Build.0 = Debug|Any CPU
		{54C36131-B44A-4435-802F-7A0E6A3C34EC}.Debug|x86.ActiveCfg = Debug|Any CPU
		{54C36131-B44A-4435-802F-7A0E6A3C34EC}.Release|Any CPU.ActiveCfg = Release|Any CPU
		{54C36131-B44A-4435-802F-7A0E6A3C34EC}.Release|Any CPU.Build.0 = Release|Any CPU
		{54C36131-B44A-4435-802F-7A0E6A3C34EC}.Release|Mixed Platforms.ActiveCfg = Release|Any CPU
		{54C36131-B44A-4435-802F-7A0E6A3C34EC}.Release|Mixed Platforms.Build.0 = Release|Any CPU
		{54C36131-B44A-4435-802F-7A0E6A3C34EC}.Release|x86.ActiveCfg = Release|Any CPU
		{5CF95A36-7BC7-4617-827D-4F9056161F14}.Debug|Any CPU.ActiveCfg = Debug|Any CPU
		{5CF95A36-7BC7-4617-827D-4F9056161F14}.Debug|Any CPU.Build.0 = Debug|Any CPU
		{5CF95A36-7BC7-4617-827D-4F9056161F14}.Debug|Mixed Platforms.ActiveCfg = Debug|Any CPU
		{5CF95A36-7BC7-4617-827D-4F9056161F14}.Debug|Mixed Platforms.Build.0 = Debug|Any CPU
		{5CF95A36-7BC7-4617-827D-4F9056161F14}.Debug|x86.ActiveCfg = Debug|Any CPU
		{5CF95A36-7BC7-4617-827D-4F9056161F14}.Release|Any CPU.ActiveCfg = Release|Any CPU
		{5CF95A36-7BC7-4617-827D-4F9056161F14}.Release|Any CPU.Build.0 = Release|Any CPU
		{5CF95A36-7BC7-4617-827D-4F9056161F14}.Release|Mixed Platforms.ActiveCfg = Release|Any CPU
		{5CF95A36-7BC7-4617-827D-4F9056161F14}.Release|Mixed Platforms.Build.0 = Release|Any CPU
		{5CF95A36-7BC7-4617-827D-4F9056161F14}.Release|x86.ActiveCfg = Release|Any CPU
		{155433A3-85EC-4065-9B13-FB18374A1E34}.Debug|Any CPU.ActiveCfg = Debug|Any CPU
		{155433A3-85EC-4065-9B13-FB18374A1E34}.Debug|Any CPU.Build.0 = Debug|Any CPU
		{155433A3-85EC-4065-9B13-FB18374A1E34}.Debug|Mixed Platforms.ActiveCfg = Debug|Any CPU
		{155433A3-85EC-4065-9B13-FB18374A1E34}.Debug|Mixed Platforms.Build.0 = Debug|Any CPU
		{155433A3-85EC-4065-9B13-FB18374A1E34}.Debug|x86.ActiveCfg = Debug|Any CPU
		{155433A3-85EC-4065-9B13-FB18374A1E34}.Release|Any CPU.ActiveCfg = Release|Any CPU
		{155433A3-85EC-4065-9B13-FB18374A1E34}.Release|Any CPU.Build.0 = Release|Any CPU
		{155433A3-85EC-4065-9B13-FB18374A1E34}.Release|Mixed Platforms.ActiveCfg = Release|Any CPU
		{155433A3-85EC-4065-9B13-FB18374A1E34}.Release|Mixed Platforms.Build.0 = Release|Any CPU
		{155433A3-85EC-4065-9B13-FB18374A1E34}.Release|x86.ActiveCfg = Release|Any CPU
		{51925788-A8E5-4D41-A192-D206CDEFEE35}.Debug|Any CPU.ActiveCfg = Debug|Any CPU
		{51925788-A8E5-4D41-A192-D206CDEFEE35}.Debug|Any CPU.Build.0 = Debug|Any CPU
		{51925788-A8E5-4D41-A192-D206CDEFEE35}.Debug|Mixed Platforms.ActiveCfg = Debug|Any CPU
		{51925788-A8E5-4D41-A192-D206CDEFEE35}.Debug|Mixed Platforms.Build.0 = Debug|Any CPU
		{51925788-A8E5-4D41-A192-D206CDEFEE35}.Debug|x86.ActiveCfg = Debug|Any CPU
		{51925788-A8E5-4D41-A192-D206CDEFEE35}.Release|Any CPU.ActiveCfg = Release|Any CPU
		{51925788-A8E5-4D41-A192-D206CDEFEE35}.Release|Any CPU.Build.0 = Release|Any CPU
		{51925788-A8E5-4D41-A192-D206CDEFEE35}.Release|Mixed Platforms.ActiveCfg = Release|Any CPU
		{51925788-A8E5-4D41-A192-D206CDEFEE35}.Release|Mixed Platforms.Build.0 = Release|Any CPU
		{51925788-A8E5-4D41-A192-D206CDEFEE35}.Release|x86.ActiveCfg = Release|Any CPU
		{4DA52AAD-3E76-430F-B08A-B32BA7EE7CDE}.Debug|Any CPU.ActiveCfg = Debug|Any CPU
		{4DA52AAD-3E76-430F-B08A-B32BA7EE7CDE}.Debug|Any CPU.Build.0 = Debug|Any CPU
		{4DA52AAD-3E76-430F-B08A-B32BA7EE7CDE}.Debug|Mixed Platforms.ActiveCfg = Debug|Any CPU
		{4DA52AAD-3E76-430F-B08A-B32BA7EE7CDE}.Debug|Mixed Platforms.Build.0 = Debug|Any CPU
		{4DA52AAD-3E76-430F-B08A-B32BA7EE7CDE}.Debug|x86.ActiveCfg = Debug|Any CPU
		{4DA52AAD-3E76-430F-B08A-B32BA7EE7CDE}.Release|Any CPU.ActiveCfg = Release|Any CPU
		{4DA52AAD-3E76-430F-B08A-B32BA7EE7CDE}.Release|Any CPU.Build.0 = Release|Any CPU
		{4DA52AAD-3E76-430F-B08A-B32BA7EE7CDE}.Release|Mixed Platforms.ActiveCfg = Release|Any CPU
		{4DA52AAD-3E76-430F-B08A-B32BA7EE7CDE}.Release|Mixed Platforms.Build.0 = Release|Any CPU
		{4DA52AAD-3E76-430F-B08A-B32BA7EE7CDE}.Release|x86.ActiveCfg = Release|Any CPU
		{0DA7A5A0-E2EE-4AF9-9089-478A12369F88}.Debug|Any CPU.ActiveCfg = Debug|Any CPU
		{0DA7A5A0-E2EE-4AF9-9089-478A12369F88}.Debug|Any CPU.Build.0 = Debug|Any CPU
		{0DA7A5A0-E2EE-4AF9-9089-478A12369F88}.Debug|Mixed Platforms.ActiveCfg = Debug|Any CPU
		{0DA7A5A0-E2EE-4AF9-9089-478A12369F88}.Debug|Mixed Platforms.Build.0 = Debug|Any CPU
		{0DA7A5A0-E2EE-4AF9-9089-478A12369F88}.Debug|x86.ActiveCfg = Debug|Any CPU
		{0DA7A5A0-E2EE-4AF9-9089-478A12369F88}.Release|Any CPU.ActiveCfg = Release|Any CPU
		{0DA7A5A0-E2EE-4AF9-9089-478A12369F88}.Release|Any CPU.Build.0 = Release|Any CPU
		{0DA7A5A0-E2EE-4AF9-9089-478A12369F88}.Release|Mixed Platforms.ActiveCfg = Release|Any CPU
		{0DA7A5A0-E2EE-4AF9-9089-478A12369F88}.Release|Mixed Platforms.Build.0 = Release|Any CPU
		{0DA7A5A0-E2EE-4AF9-9089-478A12369F88}.Release|x86.ActiveCfg = Release|Any CPU
		{A9568049-8A98-4FBA-A7A8-4742D56FFE0F}.Debug|Any CPU.ActiveCfg = Debug|Any CPU
		{A9568049-8A98-4FBA-A7A8-4742D56FFE0F}.Debug|Any CPU.Build.0 = Debug|Any CPU
		{A9568049-8A98-4FBA-A7A8-4742D56FFE0F}.Debug|Mixed Platforms.ActiveCfg = Debug|Any CPU
		{A9568049-8A98-4FBA-A7A8-4742D56FFE0F}.Debug|Mixed Platforms.Build.0 = Debug|Any CPU
		{A9568049-8A98-4FBA-A7A8-4742D56FFE0F}.Debug|x86.ActiveCfg = Debug|Any CPU
		{A9568049-8A98-4FBA-A7A8-4742D56FFE0F}.Release|Any CPU.ActiveCfg = Release|Any CPU
		{A9568049-8A98-4FBA-A7A8-4742D56FFE0F}.Release|Any CPU.Build.0 = Release|Any CPU
		{A9568049-8A98-4FBA-A7A8-4742D56FFE0F}.Release|Mixed Platforms.ActiveCfg = Release|Any CPU
		{A9568049-8A98-4FBA-A7A8-4742D56FFE0F}.Release|Mixed Platforms.Build.0 = Release|Any CPU
		{A9568049-8A98-4FBA-A7A8-4742D56FFE0F}.Release|x86.ActiveCfg = Release|Any CPU
		{75F3A27E-6279-47DC-A03B-E512F71E071C}.Debug|Any CPU.ActiveCfg = Debug|Any CPU
		{75F3A27E-6279-47DC-A03B-E512F71E071C}.Debug|Any CPU.Build.0 = Debug|Any CPU
		{75F3A27E-6279-47DC-A03B-E512F71E071C}.Debug|Mixed Platforms.ActiveCfg = Debug|Any CPU
		{75F3A27E-6279-47DC-A03B-E512F71E071C}.Debug|Mixed Platforms.Build.0 = Debug|Any CPU
		{75F3A27E-6279-47DC-A03B-E512F71E071C}.Debug|x86.ActiveCfg = Debug|Any CPU
		{75F3A27E-6279-47DC-A03B-E512F71E071C}.Release|Any CPU.ActiveCfg = Release|Any CPU
		{75F3A27E-6279-47DC-A03B-E512F71E071C}.Release|Any CPU.Build.0 = Release|Any CPU
		{75F3A27E-6279-47DC-A03B-E512F71E071C}.Release|Mixed Platforms.ActiveCfg = Release|Any CPU
		{75F3A27E-6279-47DC-A03B-E512F71E071C}.Release|Mixed Platforms.Build.0 = Release|Any CPU
		{75F3A27E-6279-47DC-A03B-E512F71E071C}.Release|x86.ActiveCfg = Release|Any CPU
		{BF7C6A12-B16D-4A9A-ABF8-E519A31BD34C}.Debug|Any CPU.ActiveCfg = Debug|Any CPU
		{BF7C6A12-B16D-4A9A-ABF8-E519A31BD34C}.Debug|Any CPU.Build.0 = Debug|Any CPU
		{BF7C6A12-B16D-4A9A-ABF8-E519A31BD34C}.Debug|Mixed Platforms.ActiveCfg = Debug|Any CPU
		{BF7C6A12-B16D-4A9A-ABF8-E519A31BD34C}.Debug|Mixed Platforms.Build.0 = Debug|Any CPU
		{BF7C6A12-B16D-4A9A-ABF8-E519A31BD34C}.Debug|x86.ActiveCfg = Debug|Any CPU
		{BF7C6A12-B16D-4A9A-ABF8-E519A31BD34C}.Release|Any CPU.ActiveCfg = Release|Any CPU
		{BF7C6A12-B16D-4A9A-ABF8-E519A31BD34C}.Release|Any CPU.Build.0 = Release|Any CPU
		{BF7C6A12-B16D-4A9A-ABF8-E519A31BD34C}.Release|Mixed Platforms.ActiveCfg = Release|Any CPU
		{BF7C6A12-B16D-4A9A-ABF8-E519A31BD34C}.Release|Mixed Platforms.Build.0 = Release|Any CPU
		{BF7C6A12-B16D-4A9A-ABF8-E519A31BD34C}.Release|x86.ActiveCfg = Release|Any CPU
		{66DDD60D-C805-4F41-8E1D-A2E1E89014F3}.Debug|Any CPU.ActiveCfg = Debug|Any CPU
		{66DDD60D-C805-4F41-8E1D-A2E1E89014F3}.Debug|Any CPU.Build.0 = Debug|Any CPU
		{66DDD60D-C805-4F41-8E1D-A2E1E89014F3}.Debug|Mixed Platforms.ActiveCfg = Debug|Any CPU
		{66DDD60D-C805-4F41-8E1D-A2E1E89014F3}.Debug|Mixed Platforms.Build.0 = Debug|Any CPU
		{66DDD60D-C805-4F41-8E1D-A2E1E89014F3}.Debug|x86.ActiveCfg = Debug|Any CPU
		{66DDD60D-C805-4F41-8E1D-A2E1E89014F3}.Release|Any CPU.ActiveCfg = Release|Any CPU
		{66DDD60D-C805-4F41-8E1D-A2E1E89014F3}.Release|Any CPU.Build.0 = Release|Any CPU
		{66DDD60D-C805-4F41-8E1D-A2E1E89014F3}.Release|Mixed Platforms.ActiveCfg = Release|Any CPU
		{66DDD60D-C805-4F41-8E1D-A2E1E89014F3}.Release|Mixed Platforms.Build.0 = Release|Any CPU
		{66DDD60D-C805-4F41-8E1D-A2E1E89014F3}.Release|x86.ActiveCfg = Release|Any CPU
		{8F022A03-E313-4C1D-B7D8-93085C010223}.Debug|Any CPU.ActiveCfg = Debug|Any CPU
		{8F022A03-E313-4C1D-B7D8-93085C010223}.Debug|Any CPU.Build.0 = Debug|Any CPU
		{8F022A03-E313-4C1D-B7D8-93085C010223}.Debug|Mixed Platforms.ActiveCfg = Debug|Any CPU
		{8F022A03-E313-4C1D-B7D8-93085C010223}.Debug|Mixed Platforms.Build.0 = Debug|Any CPU
		{8F022A03-E313-4C1D-B7D8-93085C010223}.Debug|x86.ActiveCfg = Debug|Any CPU
		{8F022A03-E313-4C1D-B7D8-93085C010223}.Release|Any CPU.ActiveCfg = Release|Any CPU
		{8F022A03-E313-4C1D-B7D8-93085C010223}.Release|Any CPU.Build.0 = Release|Any CPU
		{8F022A03-E313-4C1D-B7D8-93085C010223}.Release|Mixed Platforms.ActiveCfg = Release|Any CPU
		{8F022A03-E313-4C1D-B7D8-93085C010223}.Release|Mixed Platforms.Build.0 = Release|Any CPU
		{8F022A03-E313-4C1D-B7D8-93085C010223}.Release|x86.ActiveCfg = Release|Any CPU
		{B0708C3A-1339-4852-B529-7747352133B8}.Debug|Any CPU.ActiveCfg = Debug|Any CPU
		{B0708C3A-1339-4852-B529-7747352133B8}.Debug|Any CPU.Build.0 = Debug|Any CPU
		{B0708C3A-1339-4852-B529-7747352133B8}.Debug|Mixed Platforms.ActiveCfg = Debug|Any CPU
		{B0708C3A-1339-4852-B529-7747352133B8}.Debug|Mixed Platforms.Build.0 = Debug|Any CPU
		{B0708C3A-1339-4852-B529-7747352133B8}.Debug|x86.ActiveCfg = Debug|Any CPU
		{B0708C3A-1339-4852-B529-7747352133B8}.Release|Any CPU.ActiveCfg = Release|Any CPU
		{B0708C3A-1339-4852-B529-7747352133B8}.Release|Any CPU.Build.0 = Release|Any CPU
		{B0708C3A-1339-4852-B529-7747352133B8}.Release|Mixed Platforms.ActiveCfg = Release|Any CPU
		{B0708C3A-1339-4852-B529-7747352133B8}.Release|Mixed Platforms.Build.0 = Release|Any CPU
		{B0708C3A-1339-4852-B529-7747352133B8}.Release|x86.ActiveCfg = Release|Any CPU
		{C23984B1-AD11-4571-9ED6-CAC2CBBAD4EF}.Debug|Any CPU.ActiveCfg = Debug|Any CPU
		{C23984B1-AD11-4571-9ED6-CAC2CBBAD4EF}.Debug|Any CPU.Build.0 = Debug|Any CPU
		{C23984B1-AD11-4571-9ED6-CAC2CBBAD4EF}.Debug|Mixed Platforms.ActiveCfg = Debug|Any CPU
		{C23984B1-AD11-4571-9ED6-CAC2CBBAD4EF}.Debug|x86.ActiveCfg = Debug|Any CPU
		{C23984B1-AD11-4571-9ED6-CAC2CBBAD4EF}.Release|Any CPU.ActiveCfg = Release|Any CPU
		{C23984B1-AD11-4571-9ED6-CAC2CBBAD4EF}.Release|Any CPU.Build.0 = Release|Any CPU
		{C23984B1-AD11-4571-9ED6-CAC2CBBAD4EF}.Release|Mixed Platforms.ActiveCfg = Release|Any CPU
		{C23984B1-AD11-4571-9ED6-CAC2CBBAD4EF}.Release|x86.ActiveCfg = Release|Any CPU
		{54BABC0B-08B0-45E8-9DE6-2FBC14B4DC3C}.Debug|Any CPU.ActiveCfg = Debug|Any CPU
		{54BABC0B-08B0-45E8-9DE6-2FBC14B4DC3C}.Debug|Any CPU.Build.0 = Debug|Any CPU
		{54BABC0B-08B0-45E8-9DE6-2FBC14B4DC3C}.Debug|Mixed Platforms.ActiveCfg = Debug|Any CPU
		{54BABC0B-08B0-45E8-9DE6-2FBC14B4DC3C}.Debug|Mixed Platforms.Build.0 = Debug|Any CPU
		{54BABC0B-08B0-45E8-9DE6-2FBC14B4DC3C}.Debug|x86.ActiveCfg = Debug|Any CPU
		{54BABC0B-08B0-45E8-9DE6-2FBC14B4DC3C}.Release|Any CPU.ActiveCfg = Release|Any CPU
		{54BABC0B-08B0-45E8-9DE6-2FBC14B4DC3C}.Release|Any CPU.Build.0 = Release|Any CPU
		{54BABC0B-08B0-45E8-9DE6-2FBC14B4DC3C}.Release|Mixed Platforms.ActiveCfg = Release|Any CPU
		{54BABC0B-08B0-45E8-9DE6-2FBC14B4DC3C}.Release|Mixed Platforms.Build.0 = Release|Any CPU
		{54BABC0B-08B0-45E8-9DE6-2FBC14B4DC3C}.Release|x86.ActiveCfg = Release|Any CPU
		{A831C08C-837C-4D49-A0E4-6FCB1B5B7EBC}.Debug|Any CPU.ActiveCfg = Debug|Any CPU
		{A831C08C-837C-4D49-A0E4-6FCB1B5B7EBC}.Debug|Any CPU.Build.0 = Debug|Any CPU
		{A831C08C-837C-4D49-A0E4-6FCB1B5B7EBC}.Debug|Mixed Platforms.ActiveCfg = Debug|Any CPU
		{A831C08C-837C-4D49-A0E4-6FCB1B5B7EBC}.Debug|Mixed Platforms.Build.0 = Debug|Any CPU
		{A831C08C-837C-4D49-A0E4-6FCB1B5B7EBC}.Debug|x86.ActiveCfg = Debug|Any CPU
		{A831C08C-837C-4D49-A0E4-6FCB1B5B7EBC}.Release|Any CPU.ActiveCfg = Release|Any CPU
		{A831C08C-837C-4D49-A0E4-6FCB1B5B7EBC}.Release|Any CPU.Build.0 = Release|Any CPU
		{A831C08C-837C-4D49-A0E4-6FCB1B5B7EBC}.Release|Mixed Platforms.ActiveCfg = Release|Any CPU
		{A831C08C-837C-4D49-A0E4-6FCB1B5B7EBC}.Release|Mixed Platforms.Build.0 = Release|Any CPU
		{A831C08C-837C-4D49-A0E4-6FCB1B5B7EBC}.Release|x86.ActiveCfg = Release|Any CPU
		{68F826E5-1FD2-46CD-B446-CEB0F1415797}.Debug|Any CPU.ActiveCfg = Debug|Any CPU
		{68F826E5-1FD2-46CD-B446-CEB0F1415797}.Debug|Any CPU.Build.0 = Debug|Any CPU
		{68F826E5-1FD2-46CD-B446-CEB0F1415797}.Debug|Mixed Platforms.ActiveCfg = Debug|Any CPU
		{68F826E5-1FD2-46CD-B446-CEB0F1415797}.Debug|Mixed Platforms.Build.0 = Debug|Any CPU
		{68F826E5-1FD2-46CD-B446-CEB0F1415797}.Debug|x86.ActiveCfg = Debug|Any CPU
		{68F826E5-1FD2-46CD-B446-CEB0F1415797}.Release|Any CPU.ActiveCfg = Release|Any CPU
		{68F826E5-1FD2-46CD-B446-CEB0F1415797}.Release|Any CPU.Build.0 = Release|Any CPU
		{68F826E5-1FD2-46CD-B446-CEB0F1415797}.Release|Mixed Platforms.ActiveCfg = Release|Any CPU
		{68F826E5-1FD2-46CD-B446-CEB0F1415797}.Release|Mixed Platforms.Build.0 = Release|Any CPU
		{68F826E5-1FD2-46CD-B446-CEB0F1415797}.Release|x86.ActiveCfg = Release|Any CPU
		{EF3A7F64-2EA3-4FF8-8E0F-7CED34769BA2}.Debug|Any CPU.ActiveCfg = Debug|Any CPU
		{EF3A7F64-2EA3-4FF8-8E0F-7CED34769BA2}.Debug|Any CPU.Build.0 = Debug|Any CPU
		{EF3A7F64-2EA3-4FF8-8E0F-7CED34769BA2}.Debug|Mixed Platforms.ActiveCfg = Debug|Any CPU
		{EF3A7F64-2EA3-4FF8-8E0F-7CED34769BA2}.Debug|Mixed Platforms.Build.0 = Debug|Any CPU
		{EF3A7F64-2EA3-4FF8-8E0F-7CED34769BA2}.Debug|x86.ActiveCfg = Debug|Any CPU
		{EF3A7F64-2EA3-4FF8-8E0F-7CED34769BA2}.Release|Any CPU.ActiveCfg = Release|Any CPU
		{EF3A7F64-2EA3-4FF8-8E0F-7CED34769BA2}.Release|Any CPU.Build.0 = Release|Any CPU
		{EF3A7F64-2EA3-4FF8-8E0F-7CED34769BA2}.Release|Mixed Platforms.ActiveCfg = Release|Any CPU
		{EF3A7F64-2EA3-4FF8-8E0F-7CED34769BA2}.Release|Mixed Platforms.Build.0 = Release|Any CPU
		{EF3A7F64-2EA3-4FF8-8E0F-7CED34769BA2}.Release|x86.ActiveCfg = Release|Any CPU
		{EF5F6566-8516-4D6C-B842-724E7DAE1008}.Debug|Any CPU.ActiveCfg = Debug|Any CPU
		{EF5F6566-8516-4D6C-B842-724E7DAE1008}.Debug|Any CPU.Build.0 = Debug|Any CPU
		{EF5F6566-8516-4D6C-B842-724E7DAE1008}.Debug|Mixed Platforms.ActiveCfg = Debug|Any CPU
		{EF5F6566-8516-4D6C-B842-724E7DAE1008}.Debug|Mixed Platforms.Build.0 = Debug|Any CPU
		{EF5F6566-8516-4D6C-B842-724E7DAE1008}.Debug|x86.ActiveCfg = Debug|Any CPU
		{EF5F6566-8516-4D6C-B842-724E7DAE1008}.Debug|x86.Build.0 = Debug|Any CPU
		{EF5F6566-8516-4D6C-B842-724E7DAE1008}.Release|Any CPU.ActiveCfg = Release|Any CPU
		{EF5F6566-8516-4D6C-B842-724E7DAE1008}.Release|Any CPU.Build.0 = Release|Any CPU
		{EF5F6566-8516-4D6C-B842-724E7DAE1008}.Release|Mixed Platforms.ActiveCfg = Release|Any CPU
		{EF5F6566-8516-4D6C-B842-724E7DAE1008}.Release|Mixed Platforms.Build.0 = Release|Any CPU
		{EF5F6566-8516-4D6C-B842-724E7DAE1008}.Release|x86.ActiveCfg = Release|Any CPU
		{EF5F6566-8516-4D6C-B842-724E7DAE1008}.Release|x86.Build.0 = Release|Any CPU
	EndGlobalSection
	GlobalSection(SolutionProperties) = preSolution
		HideSolutionNode = FALSE
	EndGlobalSection
	GlobalSection(ExtensibilityGlobals) = postSolution
		SolutionGuid = {03FA0C44-7335-4980-909C-115B060BE91B}
	EndGlobalSection
EndGlobal
