
Microsoft Visual Studio Solution File, Format Version 12.00
# Visual Studio 2013
VisualStudioVersion = 12.0.40629.0
MinimumVisualStudioVersion = 10.0.40219.1
Project("{FAE04EC0-301F-11D3-BF4B-00C04F79EFBC}") = "MSMQListenerSample", "MSMQListenerSample\MSMQListenerSample.csproj", "{6EBB70C6-EA40-4653-8730-47ADFDAF311E}"
EndProject
Project("{FAE04EC0-301F-11D3-BF4B-00C04F79EFBC}") = "EasyETL", "EasyETL\EasyETL.csproj", "{2647E6CE-2D5F-4524-9AB0-372CFB456841}"
EndProject
Project("{FAE04EC0-301F-11D3-BF4B-00C04F79EFBC}") = "ExcelWriterSample", "ExcelWriterExample\ExcelWriterSample.csproj", "{90ECED55-D4CB-449F-9C0C-02D712BE3D83}"
EndProject
Project("{FAE04EC0-301F-11D3-BF4B-00C04F79EFBC}") = "HtmlWriterSample", "HtmlWriterExample\HtmlWriterSample.csproj", "{111181B5-C797-41B4-9935-327A59C73237}"
EndProject
Project("{FAE04EC0-301F-11D3-BF4B-00C04F79EFBC}") = "JsonWriterSample", "JsonWriteExample\JsonWriterSample.csproj", "{D0409861-9D0F-4413-8345-AFD0332DD3AE}"
EndProject
Global
	GlobalSection(SolutionConfigurationPlatforms) = preSolution
		Debug|Any CPU = Debug|Any CPU
		Debug|x86 = Debug|x86
		Release|Any CPU = Release|Any CPU
		Release|x86 = Release|x86
	EndGlobalSection
	GlobalSection(ProjectConfigurationPlatforms) = postSolution
		{6EBB70C6-EA40-4653-8730-47ADFDAF311E}.Debug|Any CPU.ActiveCfg = Debug|Any CPU
		{6EBB70C6-EA40-4653-8730-47ADFDAF311E}.Debug|Any CPU.Build.0 = Debug|Any CPU
		{6EBB70C6-EA40-4653-8730-47ADFDAF311E}.Debug|x86.ActiveCfg = Debug|x86
		{6EBB70C6-EA40-4653-8730-47ADFDAF311E}.Debug|x86.Build.0 = Debug|x86
		{6EBB70C6-EA40-4653-8730-47ADFDAF311E}.Release|Any CPU.ActiveCfg = Release|Any CPU
		{6EBB70C6-EA40-4653-8730-47ADFDAF311E}.Release|Any CPU.Build.0 = Release|Any CPU
		{6EBB70C6-EA40-4653-8730-47ADFDAF311E}.Release|x86.ActiveCfg = Release|x86
		{6EBB70C6-EA40-4653-8730-47ADFDAF311E}.Release|x86.Build.0 = Release|x86
		{2647E6CE-2D5F-4524-9AB0-372CFB456841}.Debug|Any CPU.ActiveCfg = Debug|Any CPU
		{2647E6CE-2D5F-4524-9AB0-372CFB456841}.Debug|Any CPU.Build.0 = Debug|Any CPU
		{2647E6CE-2D5F-4524-9AB0-372CFB456841}.Debug|x86.ActiveCfg = Debug|x86
		{2647E6CE-2D5F-4524-9AB0-372CFB456841}.Debug|x86.Build.0 = Debug|x86
		{2647E6CE-2D5F-4524-9AB0-372CFB456841}.Release|Any CPU.ActiveCfg = Release|Any CPU
		{2647E6CE-2D5F-4524-9AB0-372CFB456841}.Release|Any CPU.Build.0 = Release|Any CPU
		{2647E6CE-2D5F-4524-9AB0-372CFB456841}.Release|x86.ActiveCfg = Release|x86
		{2647E6CE-2D5F-4524-9AB0-372CFB456841}.Release|x86.Build.0 = Release|x86
		{90ECED55-D4CB-449F-9C0C-02D712BE3D83}.Debug|Any CPU.ActiveCfg = Debug|Any CPU
		{90ECED55-D4CB-449F-9C0C-02D712BE3D83}.Debug|Any CPU.Build.0 = Debug|Any CPU
		{90ECED55-D4CB-449F-9C0C-02D712BE3D83}.Debug|x86.ActiveCfg = Debug|x86
		{90ECED55-D4CB-449F-9C0C-02D712BE3D83}.Debug|x86.Build.0 = Debug|x86
		{90ECED55-D4CB-449F-9C0C-02D712BE3D83}.Release|Any CPU.ActiveCfg = Release|Any CPU
		{90ECED55-D4CB-449F-9C0C-02D712BE3D83}.Release|Any CPU.Build.0 = Release|Any CPU
		{90ECED55-D4CB-449F-9C0C-02D712BE3D83}.Release|x86.ActiveCfg = Release|x86
		{90ECED55-D4CB-449F-9C0C-02D712BE3D83}.Release|x86.Build.0 = Release|x86
		{111181B5-C797-41B4-9935-327A59C73237}.Debug|Any CPU.ActiveCfg = Debug|Any CPU
		{111181B5-C797-41B4-9935-327A59C73237}.Debug|Any CPU.Build.0 = Debug|Any CPU
		{111181B5-C797-41B4-9935-327A59C73237}.Debug|x86.ActiveCfg = Debug|x86
		{111181B5-C797-41B4-9935-327A59C73237}.Debug|x86.Build.0 = Debug|x86
		{111181B5-C797-41B4-9935-327A59C73237}.Release|Any CPU.ActiveCfg = Release|Any CPU
		{111181B5-C797-41B4-9935-327A59C73237}.Release|Any CPU.Build.0 = Release|Any CPU
		{111181B5-C797-41B4-9935-327A59C73237}.Release|x86.ActiveCfg = Release|x86
		{111181B5-C797-41B4-9935-327A59C73237}.Release|x86.Build.0 = Release|x86
		{D0409861-9D0F-4413-8345-AFD0332DD3AE}.Debug|Any CPU.ActiveCfg = Debug|Any CPU
		{D0409861-9D0F-4413-8345-AFD0332DD3AE}.Debug|Any CPU.Build.0 = Debug|Any CPU
		{D0409861-9D0F-4413-8345-AFD0332DD3AE}.Debug|x86.ActiveCfg = Debug|x86
		{D0409861-9D0F-4413-8345-AFD0332DD3AE}.Debug|x86.Build.0 = Debug|x86
		{D0409861-9D0F-4413-8345-AFD0332DD3AE}.Release|Any CPU.ActiveCfg = Release|Any CPU
		{D0409861-9D0F-4413-8345-AFD0332DD3AE}.Release|Any CPU.Build.0 = Release|Any CPU
		{D0409861-9D0F-4413-8345-AFD0332DD3AE}.Release|x86.ActiveCfg = Release|x86
		{D0409861-9D0F-4413-8345-AFD0332DD3AE}.Release|x86.Build.0 = Release|x86
	EndGlobalSection
	GlobalSection(SolutionProperties) = preSolution
		HideSolutionNode = FALSE
	EndGlobalSection
EndGlobal
