
Microsoft Visual Studio Solution File, Format Version 12.00
# Visual Studio 2013
VisualStudioVersion = 12.0.40629.0
MinimumVisualStudioVersion = 10.0.40219.1
Project("{FAE04EC0-301F-11D3-BF4B-00C04F79EFBC}") = "MSMQListenerSample", "MSMQListenerSample\MSMQListenerSample.csproj", "{6EBB70C6-EA40-4653-8730-47ADFDAF311E}"
EndProject
Project("{FAE04EC0-301F-11D3-BF4B-00C04F79EFBC}") = "EasyETL", "EasyETL\EasyETL.csproj", "{2647E6CE-2D5F-4524-9AB0-372CFB456841}"
EndProject
Project("{FAE04EC0-301F-11D3-BF4B-00C04F79EFBC}") = "HtmlWriterSample", "HtmlWriterExample\HtmlWriterSample.csproj", "{111181B5-C797-41B4-9935-327A59C73237}"
EndProject
Project("{FAE04EC0-301F-11D3-BF4B-00C04F79EFBC}") = "DatabaseWriterSample", "DatabaseWriterExample\DatabaseWriterSample.csproj", "{AB704081-D0BE-4AC8-A3AF-4D90E8515C97}"
EndProject
Project("{FAE04EC0-301F-11D3-BF4B-00C04F79EFBC}") = "EasyETL.Office", "EasyETL.Office\EasyETL.Office.csproj", "{EA54969B-76BA-4423-972E-9A1C037324A5}"
EndProject
Project("{FAE04EC0-301F-11D3-BF4B-00C04F79EFBC}") = "EasyETL.PDF", "EasyETL.PDF\EasyETL.PDF.csproj", "{54C36131-B44A-4435-802F-7A0E6A3C34EC}"
EndProject
Global
	GlobalSection(SolutionConfigurationPlatforms) = preSolution
		Debug|Any CPU = Debug|Any CPU
		Debug|x86 = Debug|x86
		Release|Any CPU = Release|Any CPU
		Release|x86 = Release|x86
	EndGlobalSection
	GlobalSection(ProjectConfigurationPlatforms) = postSolution
		{6EBB70C6-EA40-4653-8730-47ADFDAF311E}.Debug|Any CPU.ActiveCfg = Debug|Any CPU
		{6EBB70C6-EA40-4653-8730-47ADFDAF311E}.Debug|Any CPU.Build.0 = Debug|Any CPU
		{6EBB70C6-EA40-4653-8730-47ADFDAF311E}.Debug|x86.ActiveCfg = Debug|x86
		{6EBB70C6-EA40-4653-8730-47ADFDAF311E}.Debug|x86.Build.0 = Debug|x86
		{6EBB70C6-EA40-4653-8730-47ADFDAF311E}.Release|Any CPU.ActiveCfg = Release|Any CPU
		{6EBB70C6-EA40-4653-8730-47ADFDAF311E}.Release|Any CPU.Build.0 = Release|Any CPU
		{6EBB70C6-EA40-4653-8730-47ADFDAF311E}.Release|x86.ActiveCfg = Release|x86
		{6EBB70C6-EA40-4653-8730-47ADFDAF311E}.Release|x86.Build.0 = Release|x86
		{2647E6CE-2D5F-4524-9AB0-372CFB456841}.Debug|Any CPU.ActiveCfg = Debug|Any CPU
		{2647E6CE-2D5F-4524-9AB0-372CFB456841}.Debug|Any CPU.Build.0 = Debug|Any CPU
		{2647E6CE-2D5F-4524-9AB0-372CFB456841}.Debug|x86.ActiveCfg = Debug|x86
		{2647E6CE-2D5F-4524-9AB0-372CFB456841}.Debug|x86.Build.0 = Debug|x86
		{2647E6CE-2D5F-4524-9AB0-372CFB456841}.Release|Any CPU.ActiveCfg = Release|Any CPU
		{2647E6CE-2D5F-4524-9AB0-372CFB456841}.Release|Any CPU.Build.0 = Release|Any CPU
		{2647E6CE-2D5F-4524-9AB0-372CFB456841}.Release|x86.ActiveCfg = Release|x86
		{2647E6CE-2D5F-4524-9AB0-372CFB456841}.Release|x86.Build.0 = Release|x86
		{111181B5-C797-41B4-9935-327A59C73237}.Debug|Any CPU.ActiveCfg = Debug|Any CPU
		{111181B5-C797-41B4-9935-327A59C73237}.Debug|Any CPU.Build.0 = Debug|Any CPU
		{111181B5-C797-41B4-9935-327A59C73237}.Debug|x86.ActiveCfg = Debug|x86
		{111181B5-C797-41B4-9935-327A59C73237}.Debug|x86.Build.0 = Debug|x86
		{111181B5-C797-41B4-9935-327A59C73237}.Release|Any CPU.ActiveCfg = Release|Any CPU
		{111181B5-C797-41B4-9935-327A59C73237}.Release|Any CPU.Build.0 = Release|Any CPU
		{111181B5-C797-41B4-9935-327A59C73237}.Release|x86.ActiveCfg = Release|x86
		{111181B5-C797-41B4-9935-327A59C73237}.Release|x86.Build.0 = Release|x86
		{AB704081-D0BE-4AC8-A3AF-4D90E8515C97}.Debug|Any CPU.ActiveCfg = Debug|Any CPU
		{AB704081-D0BE-4AC8-A3AF-4D90E8515C97}.Debug|Any CPU.Build.0 = Debug|Any CPU
		{AB704081-D0BE-4AC8-A3AF-4D90E8515C97}.Debug|x86.ActiveCfg = Debug|x86
		{AB704081-D0BE-4AC8-A3AF-4D90E8515C97}.Debug|x86.Build.0 = Debug|x86
		{AB704081-D0BE-4AC8-A3AF-4D90E8515C97}.Release|Any CPU.ActiveCfg = Release|Any CPU
		{AB704081-D0BE-4AC8-A3AF-4D90E8515C97}.Release|Any CPU.Build.0 = Release|Any CPU
		{AB704081-D0BE-4AC8-A3AF-4D90E8515C97}.Release|x86.ActiveCfg = Release|x86
		{AB704081-D0BE-4AC8-A3AF-4D90E8515C97}.Release|x86.Build.0 = Release|x86
		{EA54969B-76BA-4423-972E-9A1C037324A5}.Debug|Any CPU.ActiveCfg = Debug|Any CPU
		{EA54969B-76BA-4423-972E-9A1C037324A5}.Debug|Any CPU.Build.0 = Debug|Any CPU
		{EA54969B-76BA-4423-972E-9A1C037324A5}.Debug|x86.ActiveCfg = Debug|Any CPU
		{EA54969B-76BA-4423-972E-9A1C037324A5}.Release|Any CPU.ActiveCfg = Release|Any CPU
		{EA54969B-76BA-4423-972E-9A1C037324A5}.Release|Any CPU.Build.0 = Release|Any CPU
		{EA54969B-76BA-4423-972E-9A1C037324A5}.Release|x86.ActiveCfg = Release|Any CPU
		{54C36131-B44A-4435-802F-7A0E6A3C34EC}.Debug|Any CPU.ActiveCfg = Debug|Any CPU
		{54C36131-B44A-4435-802F-7A0E6A3C34EC}.Debug|Any CPU.Build.0 = Debug|Any CPU
		{54C36131-B44A-4435-802F-7A0E6A3C34EC}.Debug|x86.ActiveCfg = Debug|Any CPU
		{54C36131-B44A-4435-802F-7A0E6A3C34EC}.Release|Any CPU.ActiveCfg = Release|Any CPU
		{54C36131-B44A-4435-802F-7A0E6A3C34EC}.Release|Any CPU.Build.0 = Release|Any CPU
		{54C36131-B44A-4435-802F-7A0E6A3C34EC}.Release|x86.ActiveCfg = Release|Any CPU
	EndGlobalSection
	GlobalSection(SolutionProperties) = preSolution
		HideSolutionNode = FALSE
	EndGlobalSection
EndGlobal
